{
    "name": "webpack-marauder",
    "version": "1.6.3",
    "lockfileVersion": 1,
    "requires": true,
    "dependencies": {
        "ansi-styles": {
            "version": "3.2.0",
            "resolved": "http://registry.npm.taobao.org/ansi-styles/download/ansi-styles-3.2.0.tgz",
            "integrity": "sha1-wVm41b4PnlpvNG2rlPFs4CIWG4g=",
            "requires": {
                "color-convert": "1.9.1"
            }
        },
        "balanced-match": {
            "version": "0.4.2",
            "resolved": "http://registry.npm.taobao.org/balanced-match/download/balanced-match-0.4.2.tgz",
            "integrity": "sha1-yz8+PHMtwPAe5wtAPzAuYddwmDg="
        },
        "browserslist": {
            "version": "2.11.3",
            "resolved": "http://registry.npm.taobao.org/browserslist/download/browserslist-2.11.3.tgz",
            "integrity": "sha1-/jYWeu0bvN5IJ+v+cTR6LMcLmbI=",
            "requires": {
                "caniuse-lite": "1.0.30000792",
                "electron-to-chromium": "1.3.31"
            }
        },
        "caniuse-api": {
            "version": "2.0.0",
            "resolved": "http://registry.npm.taobao.org/caniuse-api/download/caniuse-api-2.0.0.tgz",
            "integrity": "sha1-sd21pZZrFvSNxJmERNS7xsfZ2DQ=",
            "requires": {
                "browserslist": "2.11.3",
                "caniuse-lite": "1.0.30000792",
                "lodash.memoize": "4.1.2",
                "lodash.uniq": "4.5.0"
            }
        },
        "caniuse-lite": {
            "version": "1.0.30000792",
            "resolved": "http://registry.npm.taobao.org/caniuse-lite/download/caniuse-lite-1.0.30000792.tgz",
            "integrity": "sha1-0M6pgfgRjzlhRxr7tDyaHlu/AzI="
        },
        "clone": {
            "version": "1.0.3",
            "resolved": "http://registry.npm.taobao.org/clone/download/clone-1.0.3.tgz",
            "integrity": "sha1-KY1+IjFmD0DAA8LtMUDezz9TCF8="
        },
        "color": {
            "version": "0.11.4",
            "resolved": "http://registry.npm.taobao.org/color/download/color-0.11.4.tgz",
            "integrity": "sha1-bXtcdPtl6EHNSHkq0e1eB7kE12Q=",
            "requires": {
                "clone": "1.0.3",
                "color-convert": "1.9.1",
                "color-string": "0.3.0"
            }
        },
        "color-convert": {
            "version": "1.9.1",
            "resolved": "http://registry.npm.taobao.org/color-convert/download/color-convert-1.9.1.tgz",
            "integrity": "sha1-wSYRB66y8pTr/+ye2eytUppgl+0=",
            "requires": {
                "color-name": "1.1.3"
            }
        },
        "color-name": {
            "version": "1.1.3",
            "resolved": "http://registry.npm.taobao.org/color-name/download/color-name-1.1.3.tgz",
            "integrity": "sha1-p9BVi9icQveV3UIyj3QIMcpTvCU="
        },
        "color-string": {
            "version": "0.3.0",
            "resolved": "http://registry.npm.taobao.org/color-string/download/color-string-0.3.0.tgz",
            "integrity": "sha1-J9RvtnAlxcL6JZk7+/V55HhBuZE=",
            "requires": {
                "color-name": "1.1.3"
            }
        },
        "core-js": {
            "version": "2.5.3",
            "resolved": "http://registry.npm.taobao.org/core-js/download/core-js-2.5.3.tgz",
            "integrity": "sha1-isw4NFgk8W2DZbfJtCWRaOjtYD4="
        },
        "css-color-function": {
            "version": "1.3.3",
            "resolved": "http://registry.npm.taobao.org/css-color-function/download/css-color-function-1.3.3.tgz",
            "integrity": "sha1-jtJMLAIFBzM5+voAS8jBQfzLKC4=",
            "requires": {
                "balanced-match": "0.1.0",
                "color": "0.11.4",
                "debug": "3.1.0",
                "rgb": "0.1.0"
            },
            "dependencies": {
                "balanced-match": {
                    "version": "0.1.0",
                    "resolved": "http://registry.npm.taobao.org/balanced-match/download/balanced-match-0.1.0.tgz",
                    "integrity": "sha1-tQS9BYabOSWd0MXvw12EMXbczEo="
                }
            }
        },
        "css-unit-converter": {
            "version": "1.1.1",
            "resolved": "http://registry.npm.taobao.org/css-unit-converter/download/css-unit-converter-1.1.1.tgz",
            "integrity": "sha1-2bkoGtz9jO2TW9urqDeGiX9k6ZY="
        },
        "debug": {
            "version": "3.1.0",
            "resolved": "http://registry.npm.taobao.org/debug/download/debug-3.1.0.tgz",
            "integrity": "sha1-W7WgZyYotkFJVmuhaBnmFRjGcmE=",
            "requires": {
                "ms": "2.0.0"
            }
        },
        "electron-to-chromium": {
            "version": "1.3.31",
            "resolved": "http://registry.npm.taobao.org/electron-to-chromium/download/electron-to-chromium-1.3.31.tgz",
            "integrity": "sha1-ANgyy6n+I1hlKwxIqIFsjjoDfp8="
        },
        "escape-string-regexp": {
            "version": "1.0.5",
            "resolved": "http://registry.npm.taobao.org/escape-string-regexp/download/escape-string-regexp-1.0.5.tgz",
            "integrity": "sha1-G2HAViGQqN/2rjuyzwIAyhMLhtQ="
        },
        "flatten": {
            "version": "1.0.2",
            "resolved": "http://registry.npm.taobao.org/flatten/download/flatten-1.0.2.tgz",
            "integrity": "sha1-2uRqnXj74lKSJYzB54CkHZXAN4I="
        },
        "has-flag": {
            "version": "2.0.0",
            "resolved": "http://registry.npm.taobao.org/has-flag/download/has-flag-2.0.0.tgz",
            "integrity": "sha1-6CB68cx7MNRGzHC3NLXovhj4jVE="
        },
        "indexes-of": {
            "version": "1.0.1",
            "resolved": "http://registry.npm.taobao.org/indexes-of/download/indexes-of-1.0.1.tgz",
            "integrity": "sha1-8w9xbI4r00bHtn0985FVZqfAVgc="
        },
        "is-arrayish": {
            "version": "0.3.1",
            "resolved": "http://registry.npm.taobao.org/is-arrayish/download/is-arrayish-0.3.1.tgz",
            "integrity": "sha1-wt/DhquqDD4zxI2z/ocFnmkGXv0="
        },
        "isnumeric": {
            "version": "0.2.0",
            "resolved": "http://registry.npm.taobao.org/isnumeric/download/isnumeric-0.2.0.tgz",
            "integrity": "sha1-ojR7o2DeGeM9D/1ZD933dVy/LmQ="
        },
        "lodash._reinterpolate": {
            "version": "3.0.0",
            "resolved": "http://registry.npm.taobao.org/lodash._reinterpolate/download/lodash._reinterpolate-3.0.0.tgz",
            "integrity": "sha1-DM8tiRZq8Ds2Y8eWU4t1rG4RTZ0="
        },
        "lodash.memoize": {
            "version": "4.1.2",
            "resolved": "http://registry.npm.taobao.org/lodash.memoize/download/lodash.memoize-4.1.2.tgz",
            "integrity": "sha1-vMbEmkKihA7Zl/Mj6tpezRguC/4="
        },
        "lodash.template": {
            "version": "4.4.0",
            "resolved": "http://registry.npm.taobao.org/lodash.template/download/lodash.template-4.4.0.tgz",
            "integrity": "sha1-5zoDhcg1VZF0bgILmWecaQ5o+6A=",
            "requires": {
                "lodash._reinterpolate": "3.0.0",
                "lodash.templatesettings": "4.1.0"
            }
        },
        "lodash.templatesettings": {
            "version": "4.1.0",
            "resolved": "http://registry.npm.taobao.org/lodash.templatesettings/download/lodash.templatesettings-4.1.0.tgz",
            "integrity": "sha1-K01OlbpEDZFf8IvImeRVNmZxMxY=",
            "requires": {
                "lodash._reinterpolate": "3.0.0"
            }
        },
        "lodash.uniq": {
            "version": "4.5.0",
            "resolved": "http://registry.npm.taobao.org/lodash.uniq/download/lodash.uniq-4.5.0.tgz",
            "integrity": "sha1-0CJTc662Uq3BvILklFM5qEJ1R3M="
        },
        "math-expression-evaluator": {
            "version": "1.2.17",
            "resolved": "http://registry.npm.taobao.org/math-expression-evaluator/download/math-expression-evaluator-1.2.17.tgz",
            "integrity": "sha1-3oGf282E3M2PrlnGrreWFbnSZqw="
        },
        "ms": {
            "version": "2.0.0",
            "resolved": "http://registry.npm.taobao.org/ms/download/ms-2.0.0.tgz",
            "integrity": "sha1-VgiurfwAvmwpAd9fmGF4jeDVl8g="
        },
        "normalize-range": {
            "version": "0.1.2",
            "resolved": "http://registry.npm.taobao.org/normalize-range/download/normalize-range-0.1.2.tgz",
            "integrity": "sha1-LRDAa9/TEuqXd2laTShDlFa3WUI="
        },
        "num2fraction": {
            "version": "1.2.2",
            "resolved": "http://registry.npm.taobao.org/num2fraction/download/num2fraction-1.2.2.tgz",
            "integrity": "sha1-b2gragJ6Tp3fpFZM0lidHU5mnt4="
        },
        "onecolor": {
            "version": "3.0.5",
            "resolved": "http://registry.npm.taobao.org/onecolor/download/onecolor-3.0.5.tgz",
            "integrity": "sha1-Nu/zIgE3nv3xGA+0ReUajiQl+fY="
        },
        "path-parse": {
            "version": "1.0.5",
            "resolved": "http://registry.npm.taobao.org/path-parse/download/path-parse-1.0.5.tgz",
            "integrity": "sha1-PBrfhx6pzWyUMbbqK9dKD/BVxME="
        },
        "performance-now": {
            "version": "2.1.0",
            "resolved": "http://registry.npm.taobao.org/performance-now/download/performance-now-2.1.0.tgz",
            "integrity": "sha1-Ywn04OX6kT7BxpMHrjZLSzd8nns="
        },
        "pify": {
            "version": "2.3.0",
            "resolved": "http://registry.npm.taobao.org/pify/download/pify-2.3.0.tgz",
            "integrity": "sha1-7RQaasBDqEnqWISY59yosVMw6Qw="
        },
        "pixrem": {
            "version": "4.0.1",
            "resolved": "http://registry.npm.taobao.org/pixrem/download/pixrem-4.0.1.tgz",
            "integrity": "sha1-LaSh3m7EQjxfw3lOkwuB1EkOxoY=",
            "requires": {
                "browserslist": "2.11.3",
                "postcss": "6.0.16",
                "reduce-css-calc": "1.3.0"
            }
        },
        "pleeease-filters": {
            "version": "4.0.0",
            "resolved": "http://registry.npm.taobao.org/pleeease-filters/download/pleeease-filters-4.0.0.tgz",
            "integrity": "sha1-ZjKy+wVkjSdY2GU4T7zteeHMrsc=",
            "requires": {
                "onecolor": "3.0.5",
                "postcss": "6.0.16"
            }
        },
        "postcss": {
            "version": "6.0.16",
            "resolved": "http://registry.npm.taobao.org/postcss/download/postcss-6.0.16.tgz",
            "integrity": "sha1-ES4v4qbSEJvglXaHJDFw6lWJ4UY=",
            "requires": {
                "chalk": "2.3.0",
                "source-map": "0.6.1",
                "supports-color": "5.1.0"
            },
            "dependencies": {
                "chalk": {
                    "version": "2.3.0",
                    "resolved": "http://registry.npm.taobao.org/chalk/download/chalk-2.3.0.tgz",
                    "integrity": "sha1-tepI78nBeT3MybR2fJORTT8tUro=",
                    "requires": {
                        "ansi-styles": "3.2.0",
                        "escape-string-regexp": "1.0.5",
                        "supports-color": "4.5.0"
                    },
                    "dependencies": {
                        "supports-color": {
                            "version": "4.5.0",
                            "resolved": "http://registry.npm.taobao.org/supports-color/download/supports-color-4.5.0.tgz",
                            "integrity": "sha1-vnoN5ITexcXN34s9WRJQRJEvY1s=",
                            "requires": {
                                "has-flag": "2.0.0"
                            }
                        }
                    }
                }
            }
        },
        "postcss-apply": {
            "version": "0.8.0",
            "resolved": "http://registry.npm.taobao.org/postcss-apply/download/postcss-apply-0.8.0.tgz",
            "integrity": "sha1-FOVEu7XLbxweBIhXll15rgZrE0M=",
            "requires": {
                "babel-runtime": "6.26.0",
                "balanced-match": "0.4.2",
                "postcss": "6.0.16"
            },
            "dependencies": {
                "babel-runtime": {
                    "version": "6.26.0",
                    "resolved": "http://registry.npm.taobao.org/babel-runtime/download/babel-runtime-6.26.0.tgz",
                    "integrity": "sha1-llxwWGaOgrVde/4E/yM3vItWR/4=",
                    "requires": {
                        "core-js": "2.5.3",
                        "regenerator-runtime": "0.11.1"
                    }
                }
            }
        },
        "postcss-attribute-case-insensitive": {
            "version": "2.0.0",
            "resolved": "http://registry.npm.taobao.org/postcss-attribute-case-insensitive/download/postcss-attribute-case-insensitive-2.0.0.tgz",
            "integrity": "sha1-lNxCLI+QmX8WvTOjZUu77AhJY7Q=",
            "requires": {
                "postcss": "6.0.16",
                "postcss-selector-parser": "2.2.3"
            }
        },
        "postcss-calc": {
            "version": "6.0.1",
            "resolved": "http://registry.npm.taobao.org/postcss-calc/download/postcss-calc-6.0.1.tgz",
            "integrity": "sha1-PSQXG79udinUIqQ26/5t2VEfQzA=",
            "requires": {
                "css-unit-converter": "1.1.1",
                "postcss": "6.0.16",
                "postcss-selector-parser": "2.2.3",
                "reduce-css-calc": "2.1.4"
            },
            "dependencies": {
                "reduce-css-calc": {
                    "version": "2.1.4",
                    "resolved": "http://registry.npm.taobao.org/reduce-css-calc/download/reduce-css-calc-2.1.4.tgz",
                    "integrity": "sha1-wg6c2oRFrXPU/0vqlgxvg1N5Fwg=",
                    "requires": {
                        "css-unit-converter": "1.1.1",
                        "postcss-value-parser": "3.3.0"
                    }
                }
            }
        },
        "postcss-color-function": {
            "version": "4.0.1",
            "resolved": "http://registry.npm.taobao.org/postcss-color-function/download/postcss-color-function-4.0.1.tgz",
            "integrity": "sha1-QCs/LOvD9pR+YY+2vjZU++zvZEQ=",
            "requires": {
                "css-color-function": "1.3.3",
                "postcss": "6.0.16",
                "postcss-message-helpers": "2.0.0",
                "postcss-value-parser": "3.3.0"
            }
        },
        "postcss-color-gray": {
            "version": "4.1.0",
            "resolved": "http://registry.npm.taobao.org/postcss-color-gray/download/postcss-color-gray-4.1.0.tgz",
            "integrity": "sha1-5Vge1X6qgm+2UsoRseK3sTap+d8=",
            "requires": {
                "color": "2.0.1",
                "postcss": "6.0.16",
                "postcss-message-helpers": "2.0.0",
                "reduce-function-call": "1.0.2"
            },
            "dependencies": {
                "color": {
                    "version": "2.0.1",
                    "resolved": "http://registry.npm.taobao.org/color/download/color-2.0.1.tgz",
                    "integrity": "sha1-5O14o8RgPQiR66VDCwS4YxT0yDk=",
                    "requires": {
                        "color-convert": "1.9.1",
                        "color-string": "1.5.2"
                    }
                },
                "color-string": {
                    "version": "1.5.2",
                    "resolved": "http://registry.npm.taobao.org/color-string/download/color-string-1.5.2.tgz",
                    "integrity": "sha1-JuRYFLw8mny9Z1FkikFDRRSnc6k=",
                    "requires": {
                        "color-name": "1.1.3",
                        "simple-swizzle": "0.2.2"
                    }
                }
            }
        },
        "postcss-color-hex-alpha": {
            "version": "3.0.0",
            "resolved": "http://registry.npm.taobao.org/postcss-color-hex-alpha/download/postcss-color-hex-alpha-3.0.0.tgz",
            "integrity": "sha1-HlPmyKyyN5Vej9CLfs2xuLgwn5U=",
            "requires": {
                "color": "1.0.3",
                "postcss": "6.0.16",
                "postcss-message-helpers": "2.0.0"
            },
            "dependencies": {
                "color": {
                    "version": "1.0.3",
                    "resolved": "http://registry.npm.taobao.org/color/download/color-1.0.3.tgz",
                    "integrity": "sha1-5I6DLYXxTvaU+0aIEcLVz+cptV0=",
                    "requires": {
                        "color-convert": "1.9.1",
                        "color-string": "1.5.2"
                    }
                },
                "color-string": {
                    "version": "1.5.2",
                    "resolved": "http://registry.npm.taobao.org/color-string/download/color-string-1.5.2.tgz",
                    "integrity": "sha1-JuRYFLw8mny9Z1FkikFDRRSnc6k=",
                    "requires": {
                        "color-name": "1.1.3",
                        "simple-swizzle": "0.2.2"
                    }
                }
            }
        },
        "postcss-color-hsl": {
            "version": "2.0.0",
            "resolved": "http://registry.npm.taobao.org/postcss-color-hsl/download/postcss-color-hsl-2.0.0.tgz",
            "integrity": "sha1-EnA2ZvoxBDDj8wpFTawThjF9WEQ=",
            "requires": {
                "postcss": "6.0.16",
                "postcss-value-parser": "3.3.0",
                "units-css": "0.4.0"
            }
        },
        "postcss-color-hwb": {
            "version": "3.0.0",
            "resolved": "http://registry.npm.taobao.org/postcss-color-hwb/download/postcss-color-hwb-3.0.0.tgz",
            "integrity": "sha1-NAKxnvTYSXVAwftQcr6YY8qVVx4=",
            "requires": {
                "color": "1.0.3",
                "postcss": "6.0.16",
                "postcss-message-helpers": "2.0.0",
                "reduce-function-call": "1.0.2"
            },
            "dependencies": {
                "color": {
                    "version": "1.0.3",
                    "resolved": "http://registry.npm.taobao.org/color/download/color-1.0.3.tgz",
                    "integrity": "sha1-5I6DLYXxTvaU+0aIEcLVz+cptV0=",
                    "requires": {
                        "color-convert": "1.9.1",
                        "color-string": "1.5.2"
                    }
                },
                "color-string": {
                    "version": "1.5.2",
                    "resolved": "http://registry.npm.taobao.org/color-string/download/color-string-1.5.2.tgz",
                    "integrity": "sha1-JuRYFLw8mny9Z1FkikFDRRSnc6k=",
                    "requires": {
                        "color-name": "1.1.3",
                        "simple-swizzle": "0.2.2"
                    }
                }
            }
        },
        "postcss-color-rebeccapurple": {
            "version": "3.0.0",
            "resolved": "http://registry.npm.taobao.org/postcss-color-rebeccapurple/download/postcss-color-rebeccapurple-3.0.0.tgz",
            "integrity": "sha1-7rrwPTY7QwC5Z5K9MIHBntZlE9M=",
            "requires": {
                "postcss": "6.0.16",
                "postcss-value-parser": "3.3.0"
            }
        },
        "postcss-color-rgb": {
            "version": "2.0.0",
            "resolved": "http://registry.npm.taobao.org/postcss-color-rgb/download/postcss-color-rgb-2.0.0.tgz",
            "integrity": "sha1-FFOcinExSUtILg3RzCZf9lFLUmM=",
            "requires": {
                "postcss": "6.0.16",
                "postcss-value-parser": "3.3.0"
            }
        },
        "postcss-color-rgba-fallback": {
            "version": "3.0.0",
            "resolved": "http://registry.npm.taobao.org/postcss-color-rgba-fallback/download/postcss-color-rgba-fallback-3.0.0.tgz",
            "integrity": "sha1-N9XJNToHoJJwkSqCYGu0Kg1wLAQ=",
            "requires": {
                "postcss": "6.0.16",
                "postcss-value-parser": "3.3.0",
                "rgb-hex": "2.1.0"
            }
        },
        "postcss-cssnext": {
            "version": "3.1.0",
            "resolved": "http://registry.npm.taobao.org/postcss-cssnext/download/postcss-cssnext-3.1.0.tgz",
            "integrity": "sha1-kn3Ck0GpOCVM3jjqYKkjud/t6tk=",
            "requires": {
                "autoprefixer": "7.2.5",
                "caniuse-api": "2.0.0",
                "chalk": "2.3.0",
                "pixrem": "4.0.1",
                "pleeease-filters": "4.0.0",
                "postcss": "6.0.16",
                "postcss-apply": "0.8.0",
                "postcss-attribute-case-insensitive": "2.0.0",
                "postcss-calc": "6.0.1",
                "postcss-color-function": "4.0.1",
                "postcss-color-gray": "4.1.0",
                "postcss-color-hex-alpha": "3.0.0",
                "postcss-color-hsl": "2.0.0",
                "postcss-color-hwb": "3.0.0",
                "postcss-color-rebeccapurple": "3.0.0",
                "postcss-color-rgb": "2.0.0",
                "postcss-color-rgba-fallback": "3.0.0",
                "postcss-custom-media": "6.0.0",
                "postcss-custom-properties": "6.2.0",
                "postcss-custom-selectors": "4.0.1",
                "postcss-font-family-system-ui": "3.0.0",
                "postcss-font-variant": "3.0.0",
                "postcss-image-set-polyfill": "0.3.5",
                "postcss-initial": "2.0.0",
                "postcss-media-minmax": "3.0.0",
                "postcss-nesting": "4.2.1",
                "postcss-pseudo-class-any-link": "4.0.0",
                "postcss-pseudoelements": "5.0.0",
                "postcss-replace-overflow-wrap": "2.0.0",
                "postcss-selector-matches": "3.0.1",
                "postcss-selector-not": "3.0.1"
            },
            "dependencies": {
                "autoprefixer": {
                    "version": "7.2.5",
                    "resolved": "http://registry.npm.taobao.org/autoprefixer/download/autoprefixer-7.2.5.tgz",
                    "integrity": "sha1-BMy9DGphExttE/U9NxkmCSlS0ZI=",
                    "requires": {
                        "browserslist": "2.11.3",
                        "caniuse-lite": "1.0.30000792",
                        "normalize-range": "0.1.2",
                        "num2fraction": "1.2.2",
                        "postcss": "6.0.16",
                        "postcss-value-parser": "3.3.0"
                    }
                },
                "chalk": {
                    "version": "2.3.0",
                    "resolved": "http://registry.npm.taobao.org/chalk/download/chalk-2.3.0.tgz",
                    "integrity": "sha1-tepI78nBeT3MybR2fJORTT8tUro=",
                    "requires": {
                        "ansi-styles": "3.2.0",
                        "escape-string-regexp": "1.0.5",
                        "supports-color": "4.5.0"
                    }
                },
                "supports-color": {
                    "version": "4.5.0",
                    "resolved": "http://registry.npm.taobao.org/supports-color/download/supports-color-4.5.0.tgz",
                    "integrity": "sha1-vnoN5ITexcXN34s9WRJQRJEvY1s=",
                    "requires": {
                        "has-flag": "2.0.0"
                    }
                }
            }
        },
        "postcss-custom-media": {
            "version": "6.0.0",
            "resolved": "http://registry.npm.taobao.org/postcss-custom-media/download/postcss-custom-media-6.0.0.tgz",
            "integrity": "sha1-vlMnhBEOyylQRPtTlaGABushpzc=",
            "requires": {
                "postcss": "6.0.16"
            }
        },
        "postcss-custom-properties": {
            "version": "6.2.0",
            "resolved": "http://registry.npm.taobao.org/postcss-custom-properties/download/postcss-custom-properties-6.2.0.tgz",
            "integrity": "sha1-XZKafwbpuE4PETNBlMC6mjCs++k=",
            "requires": {
                "balanced-match": "1.0.0",
                "postcss": "6.0.16"
            },
            "dependencies": {
                "balanced-match": {
                    "version": "1.0.0",
                    "resolved": "http://registry.npm.taobao.org/balanced-match/download/balanced-match-1.0.0.tgz",
                    "integrity": "sha1-ibTRmasr7kneFk6gK4nORi1xt2c="
                }
            }
        },
        "postcss-custom-selectors": {
            "version": "4.0.1",
            "resolved": "http://registry.npm.taobao.org/postcss-custom-selectors/download/postcss-custom-selectors-4.0.1.tgz",
            "integrity": "sha1-eBOC+UxS5yfvXKR3bqKt9JphE4I=",
            "requires": {
                "postcss": "6.0.16",
                "postcss-selector-matches": "3.0.1"
            }
        },
        "postcss-font-family-system-ui": {
            "version": "3.0.0",
            "resolved": "http://registry.npm.taobao.org/postcss-font-family-system-ui/download/postcss-font-family-system-ui-3.0.0.tgz",
            "integrity": "sha1-Z1/nqeApZp8F+Nui5EwiJe3oBiM=",
            "requires": {
                "postcss": "6.0.16"
            }
        },
        "postcss-font-variant": {
            "version": "3.0.0",
            "resolved": "http://registry.npm.taobao.org/postcss-font-variant/download/postcss-font-variant-3.0.0.tgz",
            "integrity": "sha1-CMzIj2BQuoLtjvLMdsDGprQfGD4=",
            "requires": {
                "postcss": "6.0.16"
            }
        },
        "postcss-image-set-polyfill": {
            "version": "0.3.5",
            "resolved": "http://registry.npm.taobao.org/postcss-image-set-polyfill/download/postcss-image-set-polyfill-0.3.5.tgz",
            "integrity": "sha1-Dxk0E3AM8fgr05Bm7wFtZaShgYE=",
            "requires": {
                "postcss": "6.0.16",
                "postcss-media-query-parser": "0.2.3"
            }
        },
        "postcss-import": {
            "version": "11.0.0",
            "resolved": "http://registry.npm.taobao.org/postcss-import/download/postcss-import-11.0.0.tgz",
            "integrity": "sha1-qWLi34LTvFptpqOGhBdHIE9B71s=",
            "requires": {
                "postcss": "6.0.16",
                "postcss-value-parser": "3.3.0",
                "read-cache": "1.0.0",
                "resolve": "1.5.0"
            }
        },
        "postcss-initial": {
            "version": "2.0.0",
            "resolved": "http://registry.npm.taobao.org/postcss-initial/download/postcss-initial-2.0.0.tgz",
            "integrity": "sha1-cnFfczbgu3k1HZnuZcSiU6hEG6Q=",
            "requires": {
                "lodash.template": "4.4.0",
                "postcss": "6.0.16"
            }
        },
        "postcss-media-minmax": {
            "version": "3.0.0",
            "resolved": "http://registry.npm.taobao.org/postcss-media-minmax/download/postcss-media-minmax-3.0.0.tgz",
            "integrity": "sha1-Z1JWA3pD70C8Twdgv9BtTcadSNI=",
            "requires": {
                "postcss": "6.0.16"
            }
        },
        "postcss-media-query-parser": {
            "version": "0.2.3",
            "resolved": "http://registry.npm.taobao.org/postcss-media-query-parser/download/postcss-media-query-parser-0.2.3.tgz",
            "integrity": "sha1-J7Ocb02U+Bsac7j3Y1HGCeXO8kQ="
        },
        "postcss-message-helpers": {
            "version": "2.0.0",
            "resolved": "http://registry.npm.taobao.org/postcss-message-helpers/download/postcss-message-helpers-2.0.0.tgz",
            "integrity": "sha1-pPL0+rbk/gAvCu0ABHjN9S+bpg4="
        },
        "postcss-nesting": {
            "version": "4.2.1",
            "resolved": "http://registry.npm.taobao.org/postcss-nesting/download/postcss-nesting-4.2.1.tgz",
            "integrity": "sha1-BIO84ziz8IKM7ZD/UwspuYsAMA0=",
            "requires": {
                "postcss": "6.0.16"
            }
        },
        "postcss-pseudo-class-any-link": {
            "version": "4.0.0",
            "resolved": "http://registry.npm.taobao.org/postcss-pseudo-class-any-link/download/postcss-pseudo-class-any-link-4.0.0.tgz",
            "integrity": "sha1-kVKgYT00UHIFE+iJKFS65C0O5o4=",
            "requires": {
                "postcss": "6.0.16",
                "postcss-selector-parser": "2.2.3"
            }
        },
        "postcss-pseudoelements": {
            "version": "5.0.0",
            "resolved": "http://registry.npm.taobao.org/postcss-pseudoelements/download/postcss-pseudoelements-5.0.0.tgz",
            "integrity": "sha1-7vGU6NUkZFylIKlJ6V5RjoEkAss=",
            "requires": {
                "postcss": "6.0.16"
            }
        },
        "postcss-replace-overflow-wrap": {
            "version": "2.0.0",
            "resolved": "http://registry.npm.taobao.org/postcss-replace-overflow-wrap/download/postcss-replace-overflow-wrap-2.0.0.tgz",
            "integrity": "sha1-eU22+qVPjbEAhUOSqTr0V2i04ls=",
            "requires": {
                "postcss": "6.0.16"
            }
        },
        "postcss-selector-matches": {
            "version": "3.0.1",
            "resolved": "http://registry.npm.taobao.org/postcss-selector-matches/download/postcss-selector-matches-3.0.1.tgz",
            "integrity": "sha1-5WNAEeE5UIgYYbvdWMLQER/8lqs=",
            "requires": {
                "balanced-match": "0.4.2",
                "postcss": "6.0.16"
            }
        },
        "postcss-selector-not": {
            "version": "3.0.1",
            "resolved": "http://registry.npm.taobao.org/postcss-selector-not/download/postcss-selector-not-3.0.1.tgz",
            "integrity": "sha1-Lk2y8JZTNsAefOx9tsYN/3ZzNdk=",
            "requires": {
                "balanced-match": "0.4.2",
                "postcss": "6.0.16"
            }
        },
        "postcss-selector-parser": {
            "version": "2.2.3",
            "resolved": "http://registry.npm.taobao.org/postcss-selector-parser/download/postcss-selector-parser-2.2.3.tgz",
            "integrity": "sha1-+UN3iGBsPJrO4W/+jYsWKX8nu5A=",
            "requires": {
                "flatten": "1.0.2",
                "indexes-of": "1.0.1",
                "uniq": "1.0.1"
            }
        },
        "postcss-value-parser": {
            "version": "3.3.0",
            "resolved": "http://registry.npm.taobao.org/postcss-value-parser/download/postcss-value-parser-3.3.0.tgz",
            "integrity": "sha1-h/OPnxj3dKSrTIojL1xc6IcqnRU="
        },
        "raf": {
            "version": "3.4.0",
            "resolved": "http://registry.npm.taobao.org/raf/download/raf-3.4.0.tgz",
            "integrity": "sha1-ooh2iBtLwsqRF9QTgWPduA94FXU=",
            "requires": {
                "performance-now": "2.1.0"
            }
        },
        "read-cache": {
            "version": "1.0.0",
            "resolved": "http://registry.npm.taobao.org/read-cache/download/read-cache-1.0.0.tgz",
            "integrity": "sha1-5mTvMRYRZsl1HNvo28+GtftY93Q=",
            "requires": {
                "pify": "2.3.0"
            }
        },
        "reduce-css-calc": {
            "version": "1.3.0",
            "resolved": "http://registry.npm.taobao.org/reduce-css-calc/download/reduce-css-calc-1.3.0.tgz",
            "integrity": "sha1-dHyRTgSWFKTJz7umKYca0dKSdxY=",
            "requires": {
                "balanced-match": "0.4.2",
                "math-expression-evaluator": "1.2.17",
                "reduce-function-call": "1.0.2"
            }
        },
        "reduce-function-call": {
            "version": "1.0.2",
            "resolved": "http://registry.npm.taobao.org/reduce-function-call/download/reduce-function-call-1.0.2.tgz",
            "integrity": "sha1-WiAL+S4ON3UXUv5FsKszD9S2vpk=",
            "requires": {
                "balanced-match": "0.4.2"
            }
        },
        "regenerator-runtime": {
            "version": "0.11.1",
            "resolved": "http://registry.npm.taobao.org/regenerator-runtime/download/regenerator-runtime-0.11.1.tgz",
            "integrity": "sha1-vgWtf5v30i4Fb5cmzuUBf78Z4uk="
        },
        "resolve": {
            "version": "1.5.0",
            "resolved": "http://registry.npm.taobao.org/resolve/download/resolve-1.5.0.tgz",
            "integrity": "sha1-HwmsznlsmnYlefMbLBzEw83fnzY=",
            "requires": {
                "path-parse": "1.0.5"
            }
        },
        "rgb": {
            "version": "0.1.0",
            "resolved": "http://registry.npm.taobao.org/rgb/download/rgb-0.1.0.tgz",
            "integrity": "sha1-vieykej+/+rBvZlylyG/pA/AN7U="
        },
        "rgb-hex": {
            "version": "2.1.0",
            "resolved": "http://registry.npm.taobao.org/rgb-hex/download/rgb-hex-2.1.0.tgz",
            "integrity": "sha1-x3PF/iJoolV42SU5qCp6XOU77aY="
        },
        "simple-swizzle": {
            "version": "0.2.2",
            "resolved": "http://registry.npm.taobao.org/simple-swizzle/download/simple-swizzle-0.2.2.tgz",
            "integrity": "sha1-pNprY1/8zMoz9w0Xy5JZLeleVXo=",
            "requires": {
                "is-arrayish": "0.3.1"
            }
        },
        "source-map": {
            "version": "0.6.1",
            "resolved": "http://registry.npm.taobao.org/source-map/download/source-map-0.6.1.tgz",
            "integrity": "sha1-dHIq8y6WFOnCh6jQu95IteLxomM="
        },
        "supports-color": {
            "version": "5.1.0",
            "resolved": "http://registry.npm.taobao.org/supports-color/download/supports-color-5.1.0.tgz",
            "integrity": "sha1-BYoCHRthn33fOYDXEuo1kM5949U=",
            "requires": {
                "has-flag": "2.0.0"
            }
        },
        "uniq": {
            "version": "1.0.1",
            "resolved": "http://registry.npm.taobao.org/uniq/download/uniq-1.0.1.tgz",
            "integrity": "sha1-sxxa6CVIRKOoKBVBzisEuGWnNP8="
        },
        "units-css": {
            "version": "0.4.0",
            "resolved": "http://registry.npm.taobao.org/units-css/download/units-css-0.4.0.tgz",
            "integrity": "sha1-1iKGU6UZg9fBb/KPi53Dsf/tOgc=",
            "requires": {
                "isnumeric": "0.2.0",
                "viewport-dimensions": "0.2.0"
            }
        },
        "viewport-dimensions": {
            "version": "0.2.0",
            "resolved": "http://registry.npm.taobao.org/viewport-dimensions/download/viewport-dimensions-0.2.0.tgz",
            "integrity": "sha1-3nQHR9tTh/0XJfUXXpG6x2r982w="
        }
    }
}
